7db71282ad0acfbb2bb88a58051a2b802994a5a060e538458b12cf8af16f2958  evals/heldout/ocr.jsonl
6300a8ded8deecad79cf326da325162dfd9794317ab11938b0f9c925985c104d  evals/heldout/qualitative.jsonl
5f9c513298ca7ab4399ec8cd22b46cf2db121b33f2917db8bcaa9844edcc3dca  evals/heldout/quantitative.jsonl
4f494c91d8aadc88441e28d0193f6c9bf76a3ecda03e64f45991ca8306c341d3  evals/heldout/routing.jsonl
12624cccf9b423f08f901f73754549899f32ffa979005ab336a257b5c8c1ef39  evals/heldout/why.jsonl
